
Microsoft Visual Studio Solution File, Format Version 12.00
# Visual Studio Version 17
VisualStudioVersion = 17.5.33424.131
MinimumVisualStudioVersion = 10.0.40219.1
Project("{8BC9CEB8-8B4A-11D0-8D11-00A0C91BC942}") = "iofile", "streamreaderwriter\streamreaderwriter.vcxproj", "{E6818ACE-73DF-4E71-8B46-0B4BDEDC4E5C}"
EndProject
Project("{8BC9CEB8-8B4A-11D0-8D11-00A0C91BC942}") = "iofilewithpath", "iofilewithpath\iofilewithpath.vcxproj", "{1B4F18A4-6170-4C4D-A888-BBD52E1464B9}"
EndProject
Global
	GlobalSection(SolutionConfigurationPlatforms) = preSolution
		Debug|x64 = Debug|x64
		Debug|x86 = Debug|x86
		Release|x64 = Release|x64
		Release|x86 = Release|x86
	EndGlobalSection
	GlobalSection(ProjectConfigurationPlatforms) = postSolution
		{E6818ACE-73DF-4E71-8B46-0B4BDEDC4E5C}.Debug|x64.ActiveCfg = Debug|x64
		{E6818ACE-73DF-4E71-8B46-0B4BDEDC4E5C}.Debug|x64.Build.0 = Debug|x64
		{E6818ACE-73DF-4E71-8B46-0B4BDEDC4E5C}.Debug|x86.ActiveCfg = Debug|Win32
		{E6818ACE-73DF-4E71-8B46-0B4BDEDC4E5C}.Debug|x86.Build.0 = Debug|Win32
		{E6818ACE-73DF-4E71-8B46-0B4BDEDC4E5C}.Release|x64.ActiveCfg = Release|x64
		{E6818ACE-73DF-4E71-8B46-0B4BDEDC4E5C}.Release|x64.Build.0 = Release|x64
		{E6818ACE-73DF-4E71-8B46-0B4BDEDC4E5C}.Release|x86.ActiveCfg = Release|Win32
		{E6818ACE-73DF-4E71-8B46-0B4BDEDC4E5C}.Release|x86.Build.0 = Release|Win32
		{1B4F18A4-6170-4C4D-A888-BBD52E1464B9}.Debug|x64.ActiveCfg = Debug|x64
		{1B4F18A4-6170-4C4D-A888-BBD52E1464B9}.Debug|x64.Build.0 = Debug|x64
		{1B4F18A4-6170-4C4D-A888-BBD52E1464B9}.Debug|x86.ActiveCfg = Debug|Win32
		{1B4F18A4-6170-4C4D-A888-BBD52E1464B9}.Debug|x86.Build.0 = Debug|Win32
		{1B4F18A4-6170-4C4D-A888-BBD52E1464B9}.Release|x64.ActiveCfg = Release|x64
		{1B4F18A4-6170-4C4D-A888-BBD52E1464B9}.Release|x64.Build.0 = Release|x64
		{1B4F18A4-6170-4C4D-A888-BBD52E1464B9}.Release|x86.ActiveCfg = Release|Win32
		{1B4F18A4-6170-4C4D-A888-BBD52E1464B9}.Release|x86.Build.0 = Release|Win32
	EndGlobalSection
	GlobalSection(SolutionProperties) = preSolution
		HideSolutionNode = FALSE
	EndGlobalSection
	GlobalSection(ExtensibilityGlobals) = postSolution
		SolutionGuid = {F2457C9A-9B99-4D78-A5B1-6ECC4995B918}
	EndGlobalSection
EndGlobal
